
Microsoft Visual Studio Solution File, Format Version 12.00
# Visual Studio Version 16
VisualStudioVersion = 16.0.30524.135
MinimumVisualStudioVersion = 10.0.40219.1
Project("{FAE04EC0-301F-11D3-BF4B-00C04F79EFBC}") = "WindowsFormClient", "ReportFactoryV2\WindowsFormClient.csproj", "{42E8EB37-081F-4610-84F6-0FBF0297EA13}"
EndProject
Project("{FAE04EC0-301F-11D3-BF4B-00C04F79EFBC}") = "BLL", "BLL\BLL.csproj", "{99C1CC24-6A80-410D-9586-A5F7A630A059}"
EndProject
Project("{FAE04EC0-301F-11D3-BF4B-00C04F79EFBC}") = "WebClient", "WebClient\WebClient.csproj", "{A4FD5855-64CE-4433-9EC1-0D73314D0C1E}"
EndProject
Project("{FAE04EC0-301F-11D3-BF4B-00C04F79EFBC}") = "DAL", "DAL_Asset91\DAL.csproj", "{FB4697DB-8423-46BC-8C8B-82022B9266DA}"
EndProject
Project("{FAE04EC0-301F-11D3-BF4B-00C04F79EFBC}") = "TestConsole", "TestConsole\TestConsole.csproj", "{59DE210F-CEA4-433C-B9BF-997F58C98218}"
EndProject
Project("{FAE04EC0-301F-11D3-BF4B-00C04F79EFBC}") = "DAL_Asset10", "DAL_Asset10\DAL_Asset10.csproj", "{E91768E2-0F45-4511-9968-2D7D54CA5EF4}"
EndProject
Project("{FAE04EC0-301F-11D3-BF4B-00C04F79EFBC}") = "DAL_HWI", "DAL_HWI\DAL_HWI.csproj", "{D1AB0DC8-0B09-4584-BC67-016C80A45DBD}"
EndProject
Global
	GlobalSection(SolutionConfigurationPlatforms) = preSolution
		Debug|Any CPU = Debug|Any CPU
		Debug|x64 = Debug|x64
		Release|Any CPU = Release|Any CPU
		Release|x64 = Release|x64
	EndGlobalSection
	GlobalSection(ProjectConfigurationPlatforms) = postSolution
		{42E8EB37-081F-4610-84F6-0FBF0297EA13}.Debug|Any CPU.ActiveCfg = Debug|Any CPU
		{42E8EB37-081F-4610-84F6-0FBF0297EA13}.Debug|Any CPU.Build.0 = Debug|Any CPU
		{42E8EB37-081F-4610-84F6-0FBF0297EA13}.Debug|x64.ActiveCfg = Debug|x64
		{42E8EB37-081F-4610-84F6-0FBF0297EA13}.Debug|x64.Build.0 = Debug|x64
		{42E8EB37-081F-4610-84F6-0FBF0297EA13}.Release|Any CPU.ActiveCfg = Release|Any CPU
		{42E8EB37-081F-4610-84F6-0FBF0297EA13}.Release|Any CPU.Build.0 = Release|Any CPU
		{42E8EB37-081F-4610-84F6-0FBF0297EA13}.Release|x64.ActiveCfg = Release|x64
		{42E8EB37-081F-4610-84F6-0FBF0297EA13}.Release|x64.Build.0 = Release|x64
		{99C1CC24-6A80-410D-9586-A5F7A630A059}.Debug|Any CPU.ActiveCfg = Debug|Any CPU
		{99C1CC24-6A80-410D-9586-A5F7A630A059}.Debug|Any CPU.Build.0 = Debug|Any CPU
		{99C1CC24-6A80-410D-9586-A5F7A630A059}.Debug|x64.ActiveCfg = Debug|Any CPU
		{99C1CC24-6A80-410D-9586-A5F7A630A059}.Debug|x64.Build.0 = Debug|Any CPU
		{99C1CC24-6A80-410D-9586-A5F7A630A059}.Release|Any CPU.ActiveCfg = Release|Any CPU
		{99C1CC24-6A80-410D-9586-A5F7A630A059}.Release|Any CPU.Build.0 = Release|Any CPU
		{99C1CC24-6A80-410D-9586-A5F7A630A059}.Release|x64.ActiveCfg = Release|Any CPU
		{99C1CC24-6A80-410D-9586-A5F7A630A059}.Release|x64.Build.0 = Release|Any CPU
		{A4FD5855-64CE-4433-9EC1-0D73314D0C1E}.Debug|Any CPU.ActiveCfg = Debug|Any CPU
		{A4FD5855-64CE-4433-9EC1-0D73314D0C1E}.Debug|Any CPU.Build.0 = Debug|Any CPU
		{A4FD5855-64CE-4433-9EC1-0D73314D0C1E}.Debug|x64.ActiveCfg = Debug|Any CPU
		{A4FD5855-64CE-4433-9EC1-0D73314D0C1E}.Debug|x64.Build.0 = Debug|Any CPU
		{A4FD5855-64CE-4433-9EC1-0D73314D0C1E}.Release|Any CPU.ActiveCfg = Release|Any CPU
		{A4FD5855-64CE-4433-9EC1-0D73314D0C1E}.Release|Any CPU.Build.0 = Release|Any CPU
		{A4FD5855-64CE-4433-9EC1-0D73314D0C1E}.Release|x64.ActiveCfg = Release|Any CPU
		{A4FD5855-64CE-4433-9EC1-0D73314D0C1E}.Release|x64.Build.0 = Release|Any CPU
		{FB4697DB-8423-46BC-8C8B-82022B9266DA}.Debug|Any CPU.ActiveCfg = Debug|Any CPU
		{FB4697DB-8423-46BC-8C8B-82022B9266DA}.Debug|Any CPU.Build.0 = Debug|Any CPU
		{FB4697DB-8423-46BC-8C8B-82022B9266DA}.Debug|x64.ActiveCfg = Debug|Any CPU
		{FB4697DB-8423-46BC-8C8B-82022B9266DA}.Debug|x64.Build.0 = Debug|Any CPU
		{FB4697DB-8423-46BC-8C8B-82022B9266DA}.Release|Any CPU.ActiveCfg = Release|Any CPU
		{FB4697DB-8423-46BC-8C8B-82022B9266DA}.Release|Any CPU.Build.0 = Release|Any CPU
		{FB4697DB-8423-46BC-8C8B-82022B9266DA}.Release|x64.ActiveCfg = Release|Any CPU
		{FB4697DB-8423-46BC-8C8B-82022B9266DA}.Release|x64.Build.0 = Release|Any CPU
		{59DE210F-CEA4-433C-B9BF-997F58C98218}.Debug|Any CPU.ActiveCfg = Debug|Any CPU
		{59DE210F-CEA4-433C-B9BF-997F58C98218}.Debug|Any CPU.Build.0 = Debug|Any CPU
		{59DE210F-CEA4-433C-B9BF-997F58C98218}.Debug|x64.ActiveCfg = Debug|Any CPU
		{59DE210F-CEA4-433C-B9BF-997F58C98218}.Debug|x64.Build.0 = Debug|Any CPU
		{59DE210F-CEA4-433C-B9BF-997F58C98218}.Release|Any CPU.ActiveCfg = Release|Any CPU
		{59DE210F-CEA4-433C-B9BF-997F58C98218}.Release|Any CPU.Build.0 = Release|Any CPU
		{59DE210F-CEA4-433C-B9BF-997F58C98218}.Release|x64.ActiveCfg = Release|Any CPU
		{59DE210F-CEA4-433C-B9BF-997F58C98218}.Release|x64.Build.0 = Release|Any CPU
		{E91768E2-0F45-4511-9968-2D7D54CA5EF4}.Debug|Any CPU.ActiveCfg = Debug|Any CPU
		{E91768E2-0F45-4511-9968-2D7D54CA5EF4}.Debug|Any CPU.Build.0 = Debug|Any CPU
		{E91768E2-0F45-4511-9968-2D7D54CA5EF4}.Debug|x64.ActiveCfg = Debug|Any CPU
		{E91768E2-0F45-4511-9968-2D7D54CA5EF4}.Debug|x64.Build.0 = Debug|Any CPU
		{E91768E2-0F45-4511-9968-2D7D54CA5EF4}.Release|Any CPU.ActiveCfg = Release|Any CPU
		{E91768E2-0F45-4511-9968-2D7D54CA5EF4}.Release|Any CPU.Build.0 = Release|Any CPU
		{E91768E2-0F45-4511-9968-2D7D54CA5EF4}.Release|x64.ActiveCfg = Release|Any CPU
		{E91768E2-0F45-4511-9968-2D7D54CA5EF4}.Release|x64.Build.0 = Release|Any CPU
		{D1AB0DC8-0B09-4584-BC67-016C80A45DBD}.Debug|Any CPU.ActiveCfg = Debug|Any CPU
		{D1AB0DC8-0B09-4584-BC67-016C80A45DBD}.Debug|Any CPU.Build.0 = Debug|Any CPU
		{D1AB0DC8-0B09-4584-BC67-016C80A45DBD}.Debug|x64.ActiveCfg = Debug|Any CPU
		{D1AB0DC8-0B09-4584-BC67-016C80A45DBD}.Debug|x64.Build.0 = Debug|Any CPU
		{D1AB0DC8-0B09-4584-BC67-016C80A45DBD}.Release|Any CPU.ActiveCfg = Release|Any CPU
		{D1AB0DC8-0B09-4584-BC67-016C80A45DBD}.Release|Any CPU.Build.0 = Release|Any CPU
		{D1AB0DC8-0B09-4584-BC67-016C80A45DBD}.Release|x64.ActiveCfg = Release|Any CPU
		{D1AB0DC8-0B09-4584-BC67-016C80A45DBD}.Release|x64.Build.0 = Release|Any CPU
	EndGlobalSection
	GlobalSection(SolutionProperties) = preSolution
		HideSolutionNode = FALSE
	EndGlobalSection
	GlobalSection(ExtensibilityGlobals) = postSolution
		SolutionGuid = {4A4ADF9A-EA4F-41B3-A185-697EC36FDECD}
	EndGlobalSection
EndGlobal
